// !$*UTF8*$!
{
	archiveVersion = 1;
	classes = {
	};
	objectVersion = 56;
	objects = {

/* Begin PBXBuildFile section */
		845FC8692D50B70200A0F4BC /* NoteAppApp.swift in Sources */ = {isa = PBXBuildFile; fileRef = 845FC8682D50B70200A0F4BC /* NoteAppApp.swift */; };
		845FC86B2D50B70200A0F4BC /* ContentView.swift in Sources */ = {isa = PBXBuildFile; fileRef = 845FC86A2D50B70200A0F4BC /* ContentView.swift */; };
		845FC86D2D50B70400A0F4BC /* Assets.xcassets in Resources */ = {isa = PBXBuildFile; fileRef = 845FC86C2D50B70400A0F4BC /* Assets.xcassets */; };
		845FC8702D50B70400A0F4BC /* Preview Assets.xcassets in Resources */ = {isa = PBXBuildFile; fileRef = 845FC86F2D50B70400A0F4BC /* Preview Assets.xcassets */; };
		845FC87A2D50B70400A0F4BC /* NoteAppTests.swift in Sources */ = {isa = PBXBuildFile; fileRef = 845FC8792D50B70400A0F4BC /* NoteAppTests.swift */; };
		845FC8842D50B70400A0F4BC /* NoteAppUITests.swift in Sources */ = {isa = PBXBuildFile; fileRef = 845FC8832D50B70400A0F4BC /* NoteAppUITests.swift */; };
		845FC8862D50B70400A0F4BC /* NoteAppUITestsLaunchTests.swift in Sources */ = {isa = PBXBuildFile; fileRef = 845FC8852D50B70400A0F4BC /* NoteAppUITestsLaunchTests.swift */; };
		845FC8942D50B78600A0F4BC /* NoteDB.xcdatamodeld in Sources */ = {isa = PBXBuildFile; fileRef = 845FC8922D50B78600A0F4BC /* NoteDB.xcdatamodeld */; };
		845FC8962D50B88E00A0F4BC /* PersistenceController.swift in Sources */ = {isa = PBXBuildFile; fileRef = 845FC8952D50B88E00A0F4BC /* PersistenceController.swift */; };
		845FC8982D50C44900A0F4BC /* AddView.swift in Sources */ = {isa = PBXBuildFile; fileRef = 845FC8972D50C44900A0F4BC /* AddView.swift */; };
		845FC89A2D50C45800A0F4BC /* EditView.swift in Sources */ = {isa = PBXBuildFile; fileRef = 845FC8992D50C45800A0F4BC /* EditView.swift */; };
/* End PBXBuildFile section */

/* Begin PBXContainerItemProxy section */
		845FC8762D50B70400A0F4BC /* PBXContainerItemProxy */ = {
			isa = PBXContainerItemProxy;
			containerPortal = 845FC85D2D50B70200A0F4BC /* Project object */;
			proxyType = 1;
			remoteGlobalIDString = 845FC8642D50B70200A0F4BC;
			remoteInfo = NoteApp;
		};
		845FC8802D50B70400A0F4BC /* PBXContainerItemProxy */ = {
			isa = PBXContainerItemProxy;
			containerPortal = 845FC85D2D50B70200A0F4BC /* Project object */;
			proxyType = 1;
			remoteGlobalIDString = 845FC8642D50B70200A0F4BC;
			remoteInfo = NoteApp;
		};
/* End PBXContainerItemProxy section */

/* Begin PBXFileReference section */
		845FC8652D50B70200A0F4BC /* NoteApp.app */ = {isa = PBXFileReference; explicitFileType = wrapper.application; includeInIndex = 0; path = NoteApp.app; sourceTree = BUILT_PRODUCTS_DIR; };
		845FC8682D50B70200A0F4BC /* NoteAppApp.swift */ = {isa = PBXFileReference; lastKnownFileType = sourcecode.swift; path = NoteAppApp.swift; sourceTree = "<group>"; };
		845FC86A2D50B70200A0F4BC /* ContentView.swift */ = {isa = PBXFileReference; lastKnownFileType = sourcecode.swift; path = ContentView.swift; sourceTree = "<group>"; };
		845FC86C2D50B70400A0F4BC /* Assets.xcassets */ = {isa = PBXFileReference; lastKnownFileType = folder.assetcatalog; path = Assets.xcassets; sourceTree = "<group>"; };
		845FC86F2D50B70400A0F4BC /* Preview Assets.xcassets */ = {isa = PBXFileReference; lastKnownFileType = folder.assetcatalog; path = "Preview Assets.xcassets"; sourceTree = "<group>"; };
		845FC8752D50B70400A0F4BC /* NoteAppTests.xctest */ = {isa = PBXFileReference; explicitFileType = wrapper.cfbundle; includeInIndex = 0; path = NoteAppTests.xctest; sourceTree = BUILT_PRODUCTS_DIR; };
		845FC8792D50B70400A0F4BC /* NoteAppTests.swift */ = {isa = PBXFileReference; lastKnownFileType = sourcecode.swift; path = NoteAppTests.swift; sourceTree = "<group>"; };
		845FC87F2D50B70400A0F4BC /* NoteAppUITests.xctest */ = {isa = PBXFileReference; explicitFileType = wrapper.cfbundle; includeInIndex = 0; path = NoteAppUITests.xctest; sourceTree = BUILT_PRODUCTS_DIR; };
		845FC8832D50B70400A0F4BC /* NoteAppUITests.swift */ = {isa = PBXFileReference; lastKnownFileType = sourcecode.swift; path = NoteAppUITests.swift; sourceTree = "<group>"; };
		845FC8852D50B70400A0F4BC /* NoteAppUITestsLaunchTests.swift */ = {isa = PBXFileReference; lastKnownFileType = sourcecode.swift; path = NoteAppUITestsLaunchTests.swift; sourceTree = "<group>"; };
		845FC8932D50B78600A0F4BC /* NoteDB.xcdatamodel */ = {isa = PBXFileReference; lastKnownFileType = wrapper.xcdatamodel; path = NoteDB.xcdatamodel; sourceTree = "<group>"; };
		845FC8952D50B88E00A0F4BC /* PersistenceController.swift */ = {isa = PBXFileReference; lastKnownFileType = sourcecode.swift; path = PersistenceController.swift; sourceTree = "<group>"; };
		845FC8972D50C44900A0F4BC /* AddView.swift */ = {isa = PBXFileReference; lastKnownFileType = sourcecode.swift; path = AddView.swift; sourceTree = "<group>"; };
		845FC8992D50C45800A0F4BC /* EditView.swift */ = {isa = PBXFileReference; lastKnownFileType = sourcecode.swift; path = EditView.swift; sourceTree = "<group>"; };
/* End PBXFileReference section */

/* Begin PBXFrameworksBuildPhase section */
		845FC8622D50B70200A0F4BC /* Frameworks */ = {
			isa = PBXFrameworksBuildPhase;
			buildActionMask = 2147483647;
			files = (
			);
			runOnlyForDeploymentPostprocessing = 0;
		};
		845FC8722D50B70400A0F4BC /* Frameworks */ = {
			isa = PBXFrameworksBuildPhase;
			buildActionMask = 2147483647;
			files = (
			);
			runOnlyForDeploymentPostprocessing = 0;
		};
		845FC87C2D50B70400A0F4BC /* Frameworks */ = {
			isa = PBXFrameworksBuildPhase;
			buildActionMask = 2147483647;
			files = (
			);
			runOnlyForDeploymentPostprocessing = 0;
		};
/* End PBXFrameworksBuildPhase section */

/* Begin PBXGroup section */
		845FC85C2D50B70200A0F4BC = {
			isa = PBXGroup;
			children = (
				845FC8672D50B70200A0F4BC /* NoteApp */,
				845FC8782D50B70400A0F4BC /* NoteAppTests */,
				845FC8822D50B70400A0F4BC /* NoteAppUITests */,
				845FC8662D50B70200A0F4BC /* Products */,
			);
			sourceTree = "<group>";
		};
		845FC8662D50B70200A0F4BC /* Products */ = {
			isa = PBXGroup;
			children = (
				845FC8652D50B70200A0F4BC /* NoteApp.app */,
				845FC8752D50B70400A0F4BC /* NoteAppTests.xctest */,
				845FC87F2D50B70400A0F4BC /* NoteAppUITests.xctest */,
			);
			name = Products;
			sourceTree = "<group>";
		};
		845FC8672D50B70200A0F4BC /* NoteApp */ = {
			isa = PBXGroup;
			children = (
				845FC8682D50B70200A0F4BC /* NoteAppApp.swift */,
				845FC8992D50C45800A0F4BC /* EditView.swift */,
				845FC8972D50C44900A0F4BC /* AddView.swift */,
				845FC8952D50B88E00A0F4BC /* PersistenceController.swift */,
				845FC86A2D50B70200A0F4BC /* ContentView.swift */,
				845FC8922D50B78600A0F4BC /* NoteDB.xcdatamodeld */,
				845FC86C2D50B70400A0F4BC /* Assets.xcassets */,
				845FC86E2D50B70400A0F4BC /* Preview Content */,
			);
			path = NoteApp;
			sourceTree = "<group>";
		};
		845FC86E2D50B70400A0F4BC /* Preview Content */ = {
			isa = PBXGroup;
			children = (
				845FC86F2D50B70400A0F4BC /* Preview Assets.xcassets */,
			);
			path = "Preview Content";
			sourceTree = "<group>";
		};
		845FC8782D50B70400A0F4BC /* NoteAppTests */ = {
			isa = PBXGroup;
			children = (
				845FC8792D50B70400A0F4BC /* NoteAppTests.swift */,
			);
			path = NoteAppTests;
			sourceTree = "<group>";
		};
		845FC8822D50B70400A0F4BC /* NoteAppUITests */ = {
			isa = PBXGroup;
			children = (
				845FC8832D50B70400A0F4BC /* NoteAppUITests.swift */,
				845FC8852D50B70400A0F4BC /* NoteAppUITestsLaunchTests.swift */,
			);
			path = NoteAppUITests;
			sourceTree = "<group>";
		};
/* End PBXGroup section */

/* Begin PBXNativeTarget section */
		845FC8642D50B70200A0F4BC /* NoteApp */ = {
			isa = PBXNativeTarget;
			buildConfigurationList = 845FC8892D50B70400A0F4BC /* Build configuration list for PBXNativeTarget "NoteApp" */;
			buildPhases = (
				845FC8612D50B70200A0F4BC /* Sources */,
				845FC8622D50B70200A0F4BC /* Frameworks */,
				845FC8632D50B70200A0F4BC /* Resources */,
			);
			buildRules = (
			);
			dependencies = (
			);
			name = NoteApp;
			productName = NoteApp;
			productReference = 845FC8652D50B70200A0F4BC /* NoteApp.app */;
			productType = "com.apple.product-type.application";
		};
		845FC8742D50B70400A0F4BC /* NoteAppTests */ = {
			isa = PBXNativeTarget;
			buildConfigurationList = 845FC88C2D50B70400A0F4BC /* Build configuration list for PBXNativeTarget "NoteAppTests" */;
			buildPhases = (
				845FC8712D50B70400A0F4BC /* Sources */,
				845FC8722D50B70400A0F4BC /* Frameworks */,
				845FC8732D50B70400A0F4BC /* Resources */,
			);
			buildRules = (
			);
			dependencies = (
				845FC8772D50B70400A0F4BC /* PBXTargetDependency */,
			);
			name = NoteAppTests;
			productName = NoteAppTests;
			productReference = 845FC8752D50B70400A0F4BC /* NoteAppTests.xctest */;
			productType = "com.apple.product-type.bundle.unit-test";
		};
		845FC87E2D50B70400A0F4BC /* NoteAppUITests */ = {
			isa = PBXNativeTarget;
			buildConfigurationList = 845FC88F2D50B70400A0F4BC /* Build configuration list for PBXNativeTarget "NoteAppUITests" */;
			buildPhases = (
				845FC87B2D50B70400A0F4BC /* Sources */,
				845FC87C2D50B70400A0F4BC /* Frameworks */,
				845FC87D2D50B70400A0F4BC /* Resources */,
			);
			buildRules = (
			);
			dependencies = (
				845FC8812D50B70400A0F4BC /* PBXTargetDependency */,
			);
			name = NoteAppUITests;
			productName = NoteAppUITests;
			productReference = 845FC87F2D50B70400A0F4BC /* NoteAppUITests.xctest */;
			productType = "com.apple.product-type.bundle.ui-testing";
		};
/* End PBXNativeTarget section */

/* Begin PBXProject section */
		845FC85D2D50B70200A0F4BC /* Project object */ = {
			isa = PBXProject;
			attributes = {
				BuildIndependentTargetsInParallel = 1;
				LastSwiftUpdateCheck = 1400;
				LastUpgradeCheck = 1400;
				TargetAttributes = {
					845FC8642D50B70200A0F4BC = {
						CreatedOnToolsVersion = 14.0.1;
					};
					845FC8742D50B70400A0F4BC = {
						CreatedOnToolsVersion = 14.0.1;
						TestTargetID = 845FC8642D50B70200A0F4BC;
					};
					845FC87E2D50B70400A0F4BC = {
						CreatedOnToolsVersion = 14.0.1;
						TestTargetID = 845FC8642D50B70200A0F4BC;
					};
				};
			};
			buildConfigurationList = 845FC8602D50B70200A0F4BC /* Build configuration list for PBXProject "NoteApp" */;
			compatibilityVersion = "Xcode 14.0";
			developmentRegion = en;
			hasScannedForEncodings = 0;
			knownRegions = (
				en,
				Base,
			);
			mainGroup = 845FC85C2D50B70200A0F4BC;
			productRefGroup = 845FC8662D50B70200A0F4BC /* Products */;
			projectDirPath = "";
			projectRoot = "";
			targets = (
				845FC8642D50B70200A0F4BC /* NoteApp */,
				845FC8742D50B70400A0F4BC /* NoteAppTests */,
				845FC87E2D50B70400A0F4BC /* NoteAppUITests */,
			);
		};
/* End PBXProject section */

/* Begin PBXResourcesBuildPhase section */
		845FC8632D50B70200A0F4BC /* Resources */ = {
			isa = PBXResourcesBuildPhase;
			buildActionMask = 2147483647;
			files = (
				845FC8702D50B70400A0F4BC /* Preview Assets.xcassets in Resources */,
				845FC86D2D50B70400A0F4BC /* Assets.xcassets in Resources */,
			);
			runOnlyForDeploymentPostprocessing = 0;
		};
		845FC8732D50B70400A0F4BC /* Resources */ = {
			isa = PBXResourcesBuildPhase;
			buildActionMask = 2147483647;
			files = (
			);
			runOnlyForDeploymentPostprocessing = 0;
		};
		845FC87D2D50B70400A0F4BC /* Resources */ = {
			isa = PBXResourcesBuildPhase;
			buildActionMask = 2147483647;
			files = (
			);
			runOnlyForDeploymentPostprocessing = 0;
		};
/* End PBXResourcesBuildPhase section */

/* Begin PBXSourcesBuildPhase section */
		845FC8612D50B70200A0F4BC /* Sources */ = {
			isa = PBXSourcesBuildPhase;
			buildActionMask = 2147483647;
			files = (
				845FC86B2D50B70200A0F4BC /* ContentView.swift in Sources */,
				845FC8692D50B70200A0F4BC /* NoteAppApp.swift in Sources */,
				845FC89A2D50C45800A0F4BC /* EditView.swift in Sources */,
				845FC8982D50C44900A0F4BC /* AddView.swift in Sources */,
				845FC8942D50B78600A0F4BC /* NoteDB.xcdatamodeld in Sources */,
				845FC8962D50B88E00A0F4BC /* PersistenceController.swift in Sources */,
			);
			runOnlyForDeploymentPostprocessing = 0;
		};
		845FC8712D50B70400A0F4BC /* Sources */ = {
			isa = PBXSourcesBuildPhase;
			buildActionMask = 2147483647;
			files = (
				845FC87A2D50B70400A0F4BC /* NoteAppTests.swift in Sources */,
			);
			runOnlyForDeploymentPostprocessing = 0;
		};
		845FC87B2D50B70400A0F4BC /* Sources */ = {
			isa = PBXSourcesBuildPhase;
			buildActionMask = 2147483647;
			files = (
				845FC8862D50B70400A0F4BC /* NoteAppUITestsLaunchTests.swift in Sources */,
				845FC8842D50B70400A0F4BC /* NoteAppUITests.swift in Sources */,
			);
			runOnlyForDeploymentPostprocessing = 0;
		};
/* End PBXSourcesBuildPhase section */

/* Begin PBXTargetDependency section */
		845FC8772D50B70400A0F4BC /* PBXTargetDependency */ = {
			isa = PBXTargetDependency;
			target = 845FC8642D50B70200A0F4BC /* NoteApp */;
			targetProxy = 845FC8762D50B70400A0F4BC /* PBXContainerItemProxy */;
		};
		845FC8812D50B70400A0F4BC /* PBXTargetDependency */ = {
			isa = PBXTargetDependency;
			target = 845FC8642D50B70200A0F4BC /* NoteApp */;
			targetProxy = 845FC8802D50B70400A0F4BC /* PBXContainerItemProxy */;
		};
/* End PBXTargetDependency section */

/* Begin XCBuildConfiguration section */
		845FC8872D50B70400A0F4BC /* Debug */ = {
			isa = XCBuildConfiguration;
			buildSettings = {
				ALWAYS_SEARCH_USER_PATHS = NO;
				CLANG_ANALYZER_NONNULL = YES;
				CLANG_ANALYZER_NUMBER_OBJECT_CONVERSION = YES_AGGRESSIVE;
				CLANG_CXX_LANGUAGE_STANDARD = "gnu++20";
				CLANG_ENABLE_MODULES = YES;
				CLANG_ENABLE_OBJC_ARC = YES;
				CLANG_ENABLE_OBJC_WEAK = YES;
				CLANG_WARN_BLOCK_CAPTURE_AUTORELEASING = YES;
				CLANG_WARN_BOOL_CONVERSION = YES;
				CLANG_WARN_COMMA = YES;
				CLANG_WARN_CONSTANT_CONVERSION = YES;
				CLANG_WARN_DEPRECATED_OBJC_IMPLEMENTATIONS = YES;
				CLANG_WARN_DIRECT_OBJC_ISA_USAGE = YES_ERROR;
				CLANG_WARN_DOCUMENTATION_COMMENTS = YES;
				CLANG_WARN_EMPTY_BODY = YES;
				CLANG_WARN_ENUM_CONVERSION = YES;
				CLANG_WARN_INFINITE_RECURSION = YES;
				CLANG_WARN_INT_CONVERSION = YES;
				CLANG_WARN_NON_LITERAL_NULL_CONVERSION = YES;
				CLANG_WARN_OBJC_IMPLICIT_RETAIN_SELF = YES;
				CLANG_WARN_OBJC_LITERAL_CONVERSION = YES;
				CLANG_WARN_OBJC_ROOT_CLASS = YES_ERROR;
				CLANG_WARN_QUOTED_INCLUDE_IN_FRAMEWORK_HEADER = YES;
				CLANG_WARN_RANGE_LOOP_ANALYSIS = YES;
				CLANG_WARN_STRICT_PROTOTYPES = YES;
				CLANG_WARN_SUSPICIOUS_MOVE = YES;
				CLANG_WARN_UNGUARDED_AVAILABILITY = YES_AGGRESSIVE;
				CLANG_WARN_UNREACHABLE_CODE = YES;
				CLANG_WARN__DUPLICATE_METHOD_MATCH = YES;
				COPY_PHASE_STRIP = NO;
				DEBUG_INFORMATION_FORMAT = dwarf;
				ENABLE_STRICT_OBJC_MSGSEND = YES;
				ENABLE_TESTABILITY = YES;
				GCC_C_LANGUAGE_STANDARD = gnu11;
				GCC_DYNAMIC_NO_PIC = NO;
				GCC_NO_COMMON_BLOCKS = YES;
				GCC_OPTIMIZATION_LEVEL = 0;
				GCC_PREPROCESSOR_DEFINITIONS = (
					"DEBUG=1",
					"$(inherited)",
				);
				GCC_WARN_64_TO_32_BIT_CONVERSION = YES;
				GCC_WARN_ABOUT_RETURN_TYPE = YES_ERROR;
				GCC_WARN_UNDECLARED_SELECTOR = YES;
				GCC_WARN_UNINITIALIZED_AUTOS = YES_AGGRESSIVE;
				GCC_WARN_UNUSED_FUNCTION = YES;
				GCC_WARN_UNUSED_VARIABLE = YES;
				IPHONEOS_DEPLOYMENT_TARGET = 16.0;
				MTL_ENABLE_DEBUG_INFO = INCLUDE_SOURCE;
				MTL_FAST_MATH = YES;
				ONLY_ACTIVE_ARCH = YES;
				SDKROOT = iphoneos;
				SWIFT_ACTIVE_COMPILATION_CONDITIONS = DEBUG;
				SWIFT_OPTIMIZATION_LEVEL = "-Onone";
			};
			name = Debug;
		};
		845FC8882D50B70400A0F4BC /* Release */ = {
			isa = XCBuildConfiguration;
			buildSettings = {
				ALWAYS_SEARCH_USER_PATHS = NO;
				CLANG_ANALYZER_NONNULL = YES;
				CLANG_ANALYZER_NUMBER_OBJECT_CONVERSION = YES_AGGRESSIVE;
				CLANG_CXX_LANGUAGE_STANDARD = "gnu++20";
				CLANG_ENABLE_MODULES = YES;
				CLANG_ENABLE_OBJC_ARC = YES;
				CLANG_ENABLE_OBJC_WEAK = YES;
				CLANG_WARN_BLOCK_CAPTURE_AUTORELEASING = YES;
				CLANG_WARN_BOOL_CONVERSION = YES;
				CLANG_WARN_COMMA = YES;
				CLANG_WARN_CONSTANT_CONVERSION = YES;
				CLANG_WARN_DEPRECATED_OBJC_IMPLEMENTATIONS = YES;
				CLANG_WARN_DIRECT_OBJC_ISA_USAGE = YES_ERROR;
				CLANG_WARN_DOCUMENTATION_COMMENTS = YES;
				CLANG_WARN_EMPTY_BODY = YES;
				CLANG_WARN_ENUM_CONVERSION = YES;
				CLANG_WARN_INFINITE_RECURSION = YES;
				CLANG_WARN_INT_CONVERSION = YES;
				CLANG_WARN_NON_LITERAL_NULL_CONVERSION = YES;
				CLANG_WARN_OBJC_IMPLICIT_RETAIN_SELF = YES;
				CLANG_WARN_OBJC_LITERAL_CONVERSION = YES;
				CLANG_WARN_OBJC_ROOT_CLASS = YES_ERROR;
				CLANG_WARN_QUOTED_INCLUDE_IN_FRAMEWORK_HEADER = YES;
				CLANG_WARN_RANGE_LOOP_ANALYSIS = YES;
				CLANG_WARN_STRICT_PROTOTYPES = YES;
				CLANG_WARN_SUSPICIOUS_MOVE = YES;
				CLANG_WARN_UNGUARDED_AVAILABILITY = YES_AGGRESSIVE;
				CLANG_WARN_UNREACHABLE_CODE = YES;
				CLANG_WARN__DUPLICATE_METHOD_MATCH = YES;
				COPY_PHASE_STRIP = NO;
				DEBUG_INFORMATION_FORMAT = "dwarf-with-dsym";
				ENABLE_NS_ASSERTIONS = NO;
				ENABLE_STRICT_OBJC_MSGSEND = YES;
				GCC_C_LANGUAGE_STANDARD = gnu11;
				GCC_NO_COMMON_BLOCKS = YES;
				GCC_WARN_64_TO_32_BIT_CONVERSION = YES;
				GCC_WARN_ABOUT_RETURN_TYPE = YES_ERROR;
				GCC_WARN_UNDECLARED_SELECTOR = YES;
				GCC_WARN_UNINITIALIZED_AUTOS = YES_AGGRESSIVE;
				GCC_WARN_UNUSED_FUNCTION = YES;
				GCC_WARN_UNUSED_VARIABLE = YES;
				IPHONEOS_DEPLOYMENT_TARGET = 16.0;
				MTL_ENABLE_DEBUG_INFO = NO;
				MTL_FAST_MATH = YES;
				SDKROOT = iphoneos;
				SWIFT_COMPILATION_MODE = wholemodule;
				SWIFT_OPTIMIZATION_LEVEL = "-O";
				VALIDATE_PRODUCT = YES;
			};
			name = Release;
		};
		845FC88A2D50B70400A0F4BC /* Debug */ = {
			isa = XCBuildConfiguration;
			buildSettings = {
				ASSETCATALOG_COMPILER_APPICON_NAME = AppIcon;
				ASSETCATALOG_COMPILER_GLOBAL_ACCENT_COLOR_NAME = AccentColor;
				CODE_SIGN_STYLE = Automatic;
				CURRENT_PROJECT_VERSION = 1;
				DEVELOPMENT_ASSET_PATHS = "\"NoteApp/Preview Content\"";
				ENABLE_PREVIEWS = YES;
				GENERATE_INFOPLIST_FILE = YES;
				INFOPLIST_KEY_UIApplicationSceneManifest_Generation = YES;
				INFOPLIST_KEY_UIApplicationSupportsIndirectInputEvents = YES;
				INFOPLIST_KEY_UILaunchScreen_Generation = YES;
				INFOPLIST_KEY_UISupportedInterfaceOrientations_iPad = "UIInterfaceOrientationPortrait UIInterfaceOrientationPortraitUpsideDown UIInterfaceOrientationLandscapeLeft UIInterfaceOrientationLandscapeRight";
				INFOPLIST_KEY_UISupportedInterfaceOrientations_iPhone = "UIInterfaceOrientationPortrait UIInterfaceOrientationLandscapeLeft UIInterfaceOrientationLandscapeRight";
				LD_RUNPATH_SEARCH_PATHS = (
					"$(inherited)",
					"@executable_path/Frameworks",
				);
				MARKETING_VERSION = 1.0;
				PRODUCT_BUNDLE_IDENTIFIER = com.example.sampleapp.NoteApp;
				PRODUCT_NAME = "$(TARGET_NAME)";
				SWIFT_EMIT_LOC_STRINGS = YES;
				SWIFT_VERSION = 5.0;
				TARGETED_DEVICE_FAMILY = "1,2";
			};
			name = Debug;
		};
		845FC88B2D50B70400A0F4BC /* Release */ = {
			isa = XCBuildConfiguration;
			buildSettings = {
				ASSETCATALOG_COMPILER_APPICON_NAME = AppIcon;
				ASSETCATALOG_COMPILER_GLOBAL_ACCENT_COLOR_NAME = AccentColor;
				CODE_SIGN_STYLE = Automatic;
				CURRENT_PROJECT_VERSION = 1;
				DEVELOPMENT_ASSET_PATHS = "\"NoteApp/Preview Content\"";
				ENABLE_PREVIEWS = YES;
				GENERATE_INFOPLIST_FILE = YES;
				INFOPLIST_KEY_UIApplicationSceneManifest_Generation = YES;
				INFOPLIST_KEY_UIApplicationSupportsIndirectInputEvents = YES;
				INFOPLIST_KEY_UILaunchScreen_Generation = YES;
				INFOPLIST_KEY_UISupportedInterfaceOrientations_iPad = "UIInterfaceOrientationPortrait UIInterfaceOrientationPortraitUpsideDown UIInterfaceOrientationLandscapeLeft UIInterfaceOrientationLandscapeRight";
				INFOPLIST_KEY_UISupportedInterfaceOrientations_iPhone = "UIInterfaceOrientationPortrait UIInterfaceOrientationLandscapeLeft UIInterfaceOrientationLandscapeRight";
				LD_RUNPATH_SEARCH_PATHS = (
					"$(inherited)",
					"@executable_path/Frameworks",
				);
				MARKETING_VERSION = 1.0;
				PRODUCT_BUNDLE_IDENTIFIER = com.example.sampleapp.NoteApp;
				PRODUCT_NAME = "$(TARGET_NAME)";
				SWIFT_EMIT_LOC_STRINGS = YES;
				SWIFT_VERSION = 5.0;
				TARGETED_DEVICE_FAMILY = "1,2";
			};
			name = Release;
		};
		845FC88D2D50B70400A0F4BC /* Debug */ = {
			isa = XCBuildConfiguration;
			buildSettings = {
				ALWAYS_EMBED_SWIFT_STANDARD_LIBRARIES = YES;
				BUNDLE_LOADER = "$(TEST_HOST)";
				CODE_SIGN_STYLE = Automatic;
				CURRENT_PROJECT_VERSION = 1;
				GENERATE_INFOPLIST_FILE = YES;
				IPHONEOS_DEPLOYMENT_TARGET = 16.0;
				MARKETING_VERSION = 1.0;
				PRODUCT_BUNDLE_IDENTIFIER = com.example.sampleapp.NoteAppTests;
				PRODUCT_NAME = "$(TARGET_NAME)";
				SWIFT_EMIT_LOC_STRINGS = NO;
				SWIFT_VERSION = 5.0;
				TARGETED_DEVICE_FAMILY = "1,2";
				TEST_HOST = "$(BUILT_PRODUCTS_DIR)/NoteApp.app/$(BUNDLE_EXECUTABLE_FOLDER_PATH)/NoteApp";
			};
			name = Debug;
		};
		845FC88E2D50B70400A0F4BC /* Release */ = {
			isa = XCBuildConfiguration;
			buildSettings = {
				ALWAYS_EMBED_SWIFT_STANDARD_LIBRARIES = YES;
				BUNDLE_LOADER = "$(TEST_HOST)";
				CODE_SIGN_STYLE = Automatic;
				CURRENT_PROJECT_VERSION = 1;
				GENERATE_INFOPLIST_FILE = YES;
				IPHONEOS_DEPLOYMENT_TARGET = 16.0;
				MARKETING_VERSION = 1.0;
				PRODUCT_BUNDLE_IDENTIFIER = com.example.sampleapp.NoteAppTests;
				PRODUCT_NAME = "$(TARGET_NAME)";
				SWIFT_EMIT_LOC_STRINGS = NO;
				SWIFT_VERSION = 5.0;
				TARGETED_DEVICE_FAMILY = "1,2";
				TEST_HOST = "$(BUILT_PRODUCTS_DIR)/NoteApp.app/$(BUNDLE_EXECUTABLE_FOLDER_PATH)/NoteApp";
			};
			name = Release;
		};
		845FC8902D50B70400A0F4BC /* Debug */ = {
			isa = XCBuildConfiguration;
			buildSettings = {
				ALWAYS_EMBED_SWIFT_STANDARD_LIBRARIES = YES;
				CODE_SIGN_STYLE = Automatic;
				CURRENT_PROJECT_VERSION = 1;
				GENERATE_INFOPLIST_FILE = YES;
				MARKETING_VERSION = 1.0;
				PRODUCT_BUNDLE_IDENTIFIER = com.example.sampleapp.NoteAppUITests;
				PRODUCT_NAME = "$(TARGET_NAME)";
				SWIFT_EMIT_LOC_STRINGS = NO;
				SWIFT_VERSION = 5.0;
				TARGETED_DEVICE_FAMILY = "1,2";
				TEST_TARGET_NAME = NoteApp;
			};
			name = Debug;
		};
		845FC8912D50B70400A0F4BC /* Release */ = {
			isa = XCBuildConfiguration;
			buildSettings = {
				ALWAYS_EMBED_SWIFT_STANDARD_LIBRARIES = YES;
				CODE_SIGN_STYLE = Automatic;
				CURRENT_PROJECT_VERSION = 1;
				GENERATE_INFOPLIST_FILE = YES;
				MARKETING_VERSION = 1.0;
				PRODUCT_BUNDLE_IDENTIFIER = com.example.sampleapp.NoteAppUITests;
				PRODUCT_NAME = "$(TARGET_NAME)";
				SWIFT_EMIT_LOC_STRINGS = NO;
				SWIFT_VERSION = 5.0;
				TARGETED_DEVICE_FAMILY = "1,2";
				TEST_TARGET_NAME = NoteApp;
			};
			name = Release;
		};
/* End XCBuildConfiguration section */

/* Begin XCConfigurationList section */
		845FC8602D50B70200A0F4BC /* Build configuration list for PBXProject "NoteApp" */ = {
			isa = XCConfigurationList;
			buildConfigurations = (
				845FC8872D50B70400A0F4BC /* Debug */,
				845FC8882D50B70400A0F4BC /* Release */,
			);
			defaultConfigurationIsVisible = 0;
			defaultConfigurationName = Release;
		};
		845FC8892D50B70400A0F4BC /* Build configuration list for PBXNativeTarget "NoteApp" */ = {
			isa = XCConfigurationList;
			buildConfigurations = (
				845FC88A2D50B70400A0F4BC /* Debug */,
				845FC88B2D50B70400A0F4BC /* Release */,
			);
			defaultConfigurationIsVisible = 0;
			defaultConfigurationName = Release;
		};
		845FC88C2D50B70400A0F4BC /* Build configuration list for PBXNativeTarget "NoteAppTests" */ = {
			isa = XCConfigurationList;
			buildConfigurations = (
				845FC88D2D50B70400A0F4BC /* Debug */,
				845FC88E2D50B70400A0F4BC /* Release */,
			);
			defaultConfigurationIsVisible = 0;
			defaultConfigurationName = Release;
		};
		845FC88F2D50B70400A0F4BC /* Build configuration list for PBXNativeTarget "NoteAppUITests" */ = {
			isa = XCConfigurationList;
			buildConfigurations = (
				845FC8902D50B70400A0F4BC /* Debug */,
				845FC8912D50B70400A0F4BC /* Release */,
			);
			defaultConfigurationIsVisible = 0;
			defaultConfigurationName = Release;
		};
/* End XCConfigurationList section */

/* Begin XCVersionGroup section */
		845FC8922D50B78600A0F4BC /* NoteDB.xcdatamodeld */ = {
			isa = XCVersionGroup;
			children = (
				845FC8932D50B78600A0F4BC /* NoteDB.xcdatamodel */,
			);
			currentVersion = 845FC8932D50B78600A0F4BC /* NoteDB.xcdatamodel */;
			path = NoteDB.xcdatamodeld;
			sourceTree = "<group>";
			versionGroupType = wrapper.xcdatamodel;
		};
/* End XCVersionGroup section */
	};
	rootObject = 845FC85D2D50B70200A0F4BC /* Project object */;
}
